{
  "name": "playgrounds-spux",
  "version": "0.0.28",
  "lockfileVersion": 1,
  "requires": true,
  "dependencies": {
    "preact": {
      "version": "10.4.4",
      "resolved": "https://registry.npmjs.org/preact/-/preact-10.4.4.tgz",
      "integrity": "sha512-EaTJrerceyAPatQ+vfnadoopsMBZAOY7ak9ogVdUi5xbpR8SoHgtLryXnW+4mQOwt21icqoVR1brkU2dq7pEBA=="
    },
    "preact-mdl": {
      "version": "2.2.2",
      "resolved": "https://registry.npmjs.org/preact-mdl/-/preact-mdl-2.2.2.tgz",
      "integrity": "sha1-hlZcoLxlK1gl9k1xUCD3oBI8Hj4="
    }
  }
}
